// !$*UTF8*$!
{
	archiveVersion = 1;
	classes = {
	};
	objectVersion = 46;
	objects = {

/* Begin PBXBuildFile section */
		65269A7A1BBB054C00ED3DF0 /* main.m in Sources */ = {isa = PBXBuildFile; fileRef = 65269A791BBB054C00ED3DF0 /* main.m */; };
		65269A7D1BBB054C00ED3DF0 /* AppDelegate.m in Sources */ = {isa = PBXBuildFile; fileRef = 65269A7C1BBB054C00ED3DF0 /* AppDelegate.m */; };
		65269A801BBB054C00ED3DF0 /* ViewController.m in Sources */ = {isa = PBXBuildFile; fileRef = 65269A7F1BBB054C00ED3DF0 /* ViewController.m */; };
		65269A831BBB054C00ED3DF0 /* Main.storyboard in Resources */ = {isa = PBXBuildFile; fileRef = 65269A811BBB054C00ED3DF0 /* Main.storyboard */; };
		65269A851BBB054C00ED3DF0 /* Assets.xcassets in Resources */ = {isa = PBXBuildFile; fileRef = 65269A841BBB054C00ED3DF0 /* Assets.xcassets */; };
		65269A881BBB054C00ED3DF0 /* LaunchScreen.storyboard in Resources */ = {isa = PBXBuildFile; fileRef = 65269A861BBB054C00ED3DF0 /* LaunchScreen.storyboard */; };
		65269A931BBB054C00ED3DF0 /* firstAppFromAppleTests.m in Sources */ = {isa = PBXBuildFile; fileRef = 65269A921BBB054C00ED3DF0 /* firstAppFromAppleTests.m */; };
		65269A9E1BBB054C00ED3DF0 /* firstAppFromAppleUITests.m in Sources */ = {isa = PBXBuildFile; fileRef = 65269A9D1BBB054C00ED3DF0 /* firstAppFromAppleUITests.m */; };
/* End PBXBuildFile section */

/* Begin PBXContainerItemProxy section */
		65269A8F1BBB054C00ED3DF0 /* PBXContainerItemProxy */ = {
			isa = PBXContainerItemProxy;
			containerPortal = 65269A6D1BBB054C00ED3DF0 /* Project object */;
			proxyType = 1;
			remoteGlobalIDString = 65269A741BBB054C00ED3DF0;
			remoteInfo = firstAppFromApple;
		};
		65269A9A1BBB054C00ED3DF0 /* PBXContainerItemProxy */ = {
			isa = PBXContainerItemProxy;
			containerPortal = 65269A6D1BBB054C00ED3DF0 /* Project object */;
			proxyType = 1;
			remoteGlobalIDString = 65269A741BBB054C00ED3DF0;
			remoteInfo = firstAppFromApple;
		};
/* End PBXContainerItemProxy section */

/* Begin PBXFileReference section */
		65269A751BBB054C00ED3DF0 /* firstAppFromApple.app */ = {isa = PBXFileReference; explicitFileType = wrapper.application; includeInIndex = 0; path = firstAppFromApple.app; sourceTree = BUILT_PRODUCTS_DIR; };
		65269A791BBB054C00ED3DF0 /* main.m */ = {isa = PBXFileReference; lastKnownFileType = sourcecode.c.objc; path = main.m; sourceTree = "<group>"; };
		65269A7B1BBB054C00ED3DF0 /* AppDelegate.h */ = {isa = PBXFileReference; lastKnownFileType = sourcecode.c.h; path = AppDelegate.h; sourceTree = "<group>"; };
		65269A7C1BBB054C00ED3DF0 /* AppDelegate.m */ = {isa = PBXFileReference; lastKnownFileType = sourcecode.c.objc; path = AppDelegate.m; sourceTree = "<group>"; };
		65269A7E1BBB054C00ED3DF0 /* ViewController.h */ = {isa = PBXFileReference; lastKnownFileType = sourcecode.c.h; path = ViewController.h; sourceTree = "<group>"; };
		65269A7F1BBB054C00ED3DF0 /* ViewController.m */ = {isa = PBXFileReference; lastKnownFileType = sourcecode.c.objc; path = ViewController.m; sourceTree = "<group>"; };
		65269A821BBB054C00ED3DF0 /* Base */ = {isa = PBXFileReference; lastKnownFileType = file.storyboard; name = Base; path = Base.lproj/Main.storyboard; sourceTree = "<group>"; };
		65269A841BBB054C00ED3DF0 /* Assets.xcassets */ = {isa = PBXFileReference; lastKnownFileType = folder.assetcatalog; path = Assets.xcassets; sourceTree = "<group>"; };
		65269A871BBB054C00ED3DF0 /* Base */ = {isa = PBXFileReference; lastKnownFileType = file.storyboard; name = Base; path = Base.lproj/LaunchScreen.storyboard; sourceTree = "<group>"; };
		65269A891BBB054C00ED3DF0 /* Info.plist */ = {isa = PBXFileReference; lastKnownFileType = text.plist.xml; path = Info.plist; sourceTree = "<group>"; };
		65269A8E1BBB054C00ED3DF0 /* firstAppFromAppleTests.xctest */ = {isa = PBXFileReference; explicitFileType = wrapper.cfbundle; includeInIndex = 0; path = firstAppFromAppleTests.xctest; sourceTree = BUILT_PRODUCTS_DIR; };
		65269A921BBB054C00ED3DF0 /* firstAppFromAppleTests.m */ = {isa = PBXFileReference; lastKnownFileType = sourcecode.c.objc; path = firstAppFromAppleTests.m; sourceTree = "<group>"; };
		65269A941BBB054C00ED3DF0 /* Info.plist */ = {isa = PBXFileReference; lastKnownFileType = text.plist.xml; path = Info.plist; sourceTree = "<group>"; };
		65269A991BBB054C00ED3DF0 /* firstAppFromAppleUITests.xctest */ = {isa = PBXFileReference; explicitFileType = wrapper.cfbundle; includeInIndex = 0; path = firstAppFromAppleUITests.xctest; sourceTree = BUILT_PRODUCTS_DIR; };
		65269A9D1BBB054C00ED3DF0 /* firstAppFromAppleUITests.m */ = {isa = PBXFileReference; lastKnownFileType = sourcecode.c.objc; path = firstAppFromAppleUITests.m; sourceTree = "<group>"; };
		65269A9F1BBB054C00ED3DF0 /* Info.plist */ = {isa = PBXFileReference; lastKnownFileType = text.plist.xml; path = Info.plist; sourceTree = "<group>"; };
/* End PBXFileReference section */

/* Begin PBXFrameworksBuildPhase section */
		65269A721BBB054C00ED3DF0 /* Frameworks */ = {
			isa = PBXFrameworksBuildPhase;
			buildActionMask = 2147483647;
			files = (
			);
			runOnlyForDeploymentPostprocessing = 0;
		};
		65269A8B1BBB054C00ED3DF0 /* Frameworks */ = {
			isa = PBXFrameworksBuildPhase;
			buildActionMask = 2147483647;
			files = (
			);
			runOnlyForDeploymentPostprocessing = 0;
		};
		65269A961BBB054C00ED3DF0 /* Frameworks */ = {
			isa = PBXFrameworksBuildPhase;
			buildActionMask = 2147483647;
			files = (
			);
			runOnlyForDeploymentPostprocessing = 0;
		};
/* End PBXFrameworksBuildPhase section */

/* Begin PBXGroup section */
		65269A6C1BBB054C00ED3DF0 = {
			isa = PBXGroup;
			children = (
				65269A771BBB054C00ED3DF0 /* firstAppFromApple */,
				65269A911BBB054C00ED3DF0 /* firstAppFromAppleTests */,
				65269A9C1BBB054C00ED3DF0 /* firstAppFromAppleUITests */,
				65269A761BBB054C00ED3DF0 /* Products */,
			);
			sourceTree = "<group>";
		};
		65269A761BBB054C00ED3DF0 /* Products */ = {
			isa = PBXGroup;
			children = (
				65269A751BBB054C00ED3DF0 /* firstAppFromApple.app */,
				65269A8E1BBB054C00ED3DF0 /* firstAppFromAppleTests.xctest */,
				65269A991BBB054C00ED3DF0 /* firstAppFromAppleUITests.xctest */,
			);
			name = Products;
			sourceTree = "<group>";
		};
		65269A771BBB054C00ED3DF0 /* firstAppFromApple */ = {
			isa = PBXGroup;
			children = (
				65269A7B1BBB054C00ED3DF0 /* AppDelegate.h */,
				65269A7C1BBB054C00ED3DF0 /* AppDelegate.m */,
				65269A7E1BBB054C00ED3DF0 /* ViewController.h */,
				65269A7F1BBB054C00ED3DF0 /* ViewController.m */,
				65269A811BBB054C00ED3DF0 /* Main.storyboard */,
				65269A841BBB054C00ED3DF0 /* Assets.xcassets */,
				65269A861BBB054C00ED3DF0 /* LaunchScreen.storyboard */,
				65269A891BBB054C00ED3DF0 /* Info.plist */,
				65269A781BBB054C00ED3DF0 /* Supporting Files */,
			);
			path = firstAppFromApple;
			sourceTree = "<group>";
		};
		65269A781BBB054C00ED3DF0 /* Supporting Files */ = {
			isa = PBXGroup;
			children = (
				65269A791BBB054C00ED3DF0 /* main.m */,
			);
			name = "Supporting Files";
			sourceTree = "<group>";
		};
		65269A911BBB054C00ED3DF0 /* firstAppFromAppleTests */ = {
			isa = PBXGroup;
			children = (
				65269A921BBB054C00ED3DF0 /* firstAppFromAppleTests.m */,
				65269A941BBB054C00ED3DF0 /* Info.plist */,
			);
			path = firstAppFromAppleTests;
			sourceTree = "<group>";
		};
		65269A9C1BBB054C00ED3DF0 /* firstAppFromAppleUITests */ = {
			isa = PBXGroup;
			children = (
				65269A9D1BBB054C00ED3DF0 /* firstAppFromAppleUITests.m */,
				65269A9F1BBB054C00ED3DF0 /* Info.plist */,
			);
			path = firstAppFromAppleUITests;
			sourceTree = "<group>";
		};
/* End PBXGroup section */

/* Begin PBXNativeTarget section */
		65269A741BBB054C00ED3DF0 /* firstAppFromApple */ = {
			isa = PBXNativeTarget;
			buildConfigurationList = 65269AA21BBB054C00ED3DF0 /* Build configuration list for PBXNativeTarget "firstAppFromApple" */;
			buildPhases = (
				65269A711BBB054C00ED3DF0 /* Sources */,
				65269A721BBB054C00ED3DF0 /* Frameworks */,
				65269A731BBB054C00ED3DF0 /* Resources */,
			);
			buildRules = (
			);
			dependencies = (
			);
			name = firstAppFromApple;
			productName = firstAppFromApple;
			productReference = 65269A751BBB054C00ED3DF0 /* firstAppFromApple.app */;
			productType = "com.apple.product-type.application";
		};
		65269A8D1BBB054C00ED3DF0 /* firstAppFromAppleTests */ = {
			isa = PBXNativeTarget;
			buildConfigurationList = 65269AA51BBB054C00ED3DF0 /* Build configuration list for PBXNativeTarget "firstAppFromAppleTests" */;
			buildPhases = (
				65269A8A1BBB054C00ED3DF0 /* Sources */,
				65269A8B1BBB054C00ED3DF0 /* Frameworks */,
				65269A8C1BBB054C00ED3DF0 /* Resources */,
			);
			buildRules = (
			);
			dependencies = (
				65269A901BBB054C00ED3DF0 /* PBXTargetDependency */,
			);
			name = firstAppFromAppleTests;
			productName = firstAppFromAppleTests;
			productReference = 65269A8E1BBB054C00ED3DF0 /* firstAppFromAppleTests.xctest */;
			productType = "com.apple.product-type.bundle.unit-test";
		};
		65269A981BBB054C00ED3DF0 /* firstAppFromAppleUITests */ = {
			isa = PBXNativeTarget;
			buildConfigurationList = 65269AA81BBB054C00ED3DF0 /* Build configuration list for PBXNativeTarget "firstAppFromAppleUITests" */;
			buildPhases = (
				65269A951BBB054C00ED3DF0 /* Sources */,
				65269A961BBB054C00ED3DF0 /* Frameworks */,
				65269A971BBB054C00ED3DF0 /* Resources */,
			);
			buildRules = (
			);
			dependencies = (
				65269A9B1BBB054C00ED3DF0 /* PBXTargetDependency */,
			);
			name = firstAppFromAppleUITests;
			productName = firstAppFromAppleUITests;
			productReference = 65269A991BBB054C00ED3DF0 /* firstAppFromAppleUITests.xctest */;
			productType = "com.apple.product-type.bundle.ui-testing";
		};
/* End PBXNativeTarget section */

/* Begin PBXProject section */
		65269A6D1BBB054C00ED3DF0 /* Project object */ = {
			isa = PBXProject;
			attributes = {
				LastUpgradeCheck = 0700;
				ORGANIZATIONNAME = GuoRui;
				TargetAttributes = {
					65269A741BBB054C00ED3DF0 = {
						CreatedOnToolsVersion = 7.0;
						DevelopmentTeam = J3XV6EVDK5;
					};
					65269A8D1BBB054C00ED3DF0 = {
						CreatedOnToolsVersion = 7.0;
						DevelopmentTeam = J3XV6EVDK5;
						TestTargetID = 65269A741BBB054C00ED3DF0;
					};
					65269A981BBB054C00ED3DF0 = {
						CreatedOnToolsVersion = 7.0;
						DevelopmentTeam = J3XV6EVDK5;
						TestTargetID = 65269A741BBB054C00ED3DF0;
					};
				};
			};
			buildConfigurationList = 65269A701BBB054C00ED3DF0 /* Build configuration list for PBXProject "firstAppFromApple" */;
			compatibilityVersion = "Xcode 3.2";
			developmentRegion = English;
			hasScannedForEncodings = 0;
			knownRegions = (
				en,
				Base,
			);
			mainGroup = 65269A6C1BBB054C00ED3DF0;
			productRefGroup = 65269A761BBB054C00ED3DF0 /* Products */;
			projectDirPath = "";
			projectRoot = "";
			targets = (
				65269A741BBB054C00ED3DF0 /* firstAppFromApple */,
				65269A8D1BBB054C00ED3DF0 /* firstAppFromAppleTests */,
				65269A981BBB054C00ED3DF0 /* firstAppFromAppleUITests */,
			);
		};
/* End PBXProject section */

/* Begin PBXResourcesBuildPhase section */
		65269A731BBB054C00ED3DF0 /* Resources */ = {
			isa = PBXResourcesBuildPhase;
			buildActionMask = 2147483647;
			files = (
				65269A881BBB054C00ED3DF0 /* LaunchScreen.storyboard in Resources */,
				65269A851BBB054C00ED3DF0 /* Assets.xcassets in Resources */,
				65269A831BBB054C00ED3DF0 /* Main.storyboard in Resources */,
			);
			runOnlyForDeploymentPostprocessing = 0;
		};
		65269A8C1BBB054C00ED3DF0 /* Resources */ = {
			isa = PBXResourcesBuildPhase;
			buildActionMask = 2147483647;
			files = (
			);
			runOnlyForDeploymentPostprocessing = 0;
		};
		65269A971BBB054C00ED3DF0 /* Resources */ = {
			isa = PBXResourcesBuildPhase;
			buildActionMask = 2147483647;
			files = (
			);
			runOnlyForDeploymentPostprocessing = 0;
		};
/* End PBXResourcesBuildPhase section */

/* Begin PBXSourcesBuildPhase section */
		65269A711BBB054C00ED3DF0 /* Sources */ = {
			isa = PBXSourcesBuildPhase;
			buildActionMask = 2147483647;
			files = (
				65269A801BBB054C00ED3DF0 /* ViewController.m in Sources */,
				65269A7D1BBB054C00ED3DF0 /* AppDelegate.m in Sources */,
				65269A7A1BBB054C00ED3DF0 /* main.m in Sources */,
			);
			runOnlyForDeploymentPostprocessing = 0;
		};
		65269A8A1BBB054C00ED3DF0 /* Sources */ = {
			isa = PBXSourcesBuildPhase;
			buildActionMask = 2147483647;
			files = (
				65269A931BBB054C00ED3DF0 /* firstAppFromAppleTests.m in Sources */,
			);
			runOnlyForDeploymentPostprocessing = 0;
		};
		65269A951BBB054C00ED3DF0 /* Sources */ = {
			isa = PBXSourcesBuildPhase;
			buildActionMask = 2147483647;
			files = (
				65269A9E1BBB054C00ED3DF0 /* firstAppFromAppleUITests.m in Sources */,
			);
			runOnlyForDeploymentPostprocessing = 0;
		};
/* End PBXSourcesBuildPhase section */

/* Begin PBXTargetDependency section */
		65269A901BBB054C00ED3DF0 /* PBXTargetDependency */ = {
			isa = PBXTargetDependency;
			target = 65269A741BBB054C00ED3DF0 /* firstAppFromApple */;
			targetProxy = 65269A8F1BBB054C00ED3DF0 /* PBXContainerItemProxy */;
		};
		65269A9B1BBB054C00ED3DF0 /* PBXTargetDependency */ = {
			isa = PBXTargetDependency;
			target = 65269A741BBB054C00ED3DF0 /* firstAppFromApple */;
			targetProxy = 65269A9A1BBB054C00ED3DF0 /* PBXContainerItemProxy */;
		};
/* End PBXTargetDependency section */

/* Begin PBXVariantGroup section */
		65269A811BBB054C00ED3DF0 /* Main.storyboard */ = {
			isa = PBXVariantGroup;
			children = (
				65269A821BBB054C00ED3DF0 /* Base */,
			);
			name = Main.storyboard;
			sourceTree = "<group>";
		};
		65269A861BBB054C00ED3DF0 /* LaunchScreen.storyboard */ = {
			isa = PBXVariantGroup;
			children = (
				65269A871BBB054C00ED3DF0 /* Base */,
			);
			name = LaunchScreen.storyboard;
			sourceTree = "<group>";
		};
/* End PBXVariantGroup section */

/* Begin XCBuildConfiguration section */
		65269AA01BBB054C00ED3DF0 /* Debug */ = {
			isa = XCBuildConfiguration;
			buildSettings = {
				ALWAYS_SEARCH_USER_PATHS = NO;
				CLANG_CXX_LANGUAGE_STANDARD = "gnu++0x";
				CLANG_CXX_LIBRARY = "libc++";
				CLANG_ENABLE_MODULES = YES;
				CLANG_ENABLE_OBJC_ARC = YES;
				CLANG_WARN_BOOL_CONVERSION = YES;
				CLANG_WARN_CONSTANT_CONVERSION = YES;
				CLANG_WARN_DIRECT_OBJC_ISA_USAGE = YES_ERROR;
				CLANG_WARN_EMPTY_BODY = YES;
				CLANG_WARN_ENUM_CONVERSION = YES;
				CLANG_WARN_INT_CONVERSION = YES;
				CLANG_WARN_OBJC_ROOT_CLASS = YES_ERROR;
				CLANG_WARN_UNREACHABLE_CODE = YES;
				CLANG_WARN__DUPLICATE_METHOD_MATCH = YES;
				"CODE_SIGN_IDENTITY[sdk=iphoneos*]" = "iPhone Developer";
				COPY_PHASE_STRIP = NO;
				DEBUG_INFORMATION_FORMAT = dwarf;
				ENABLE_STRICT_OBJC_MSGSEND = YES;
				ENABLE_TESTABILITY = YES;
				GCC_C_LANGUAGE_STANDARD = gnu99;
				GCC_DYNAMIC_NO_PIC = NO;
				GCC_NO_COMMON_BLOCKS = YES;
				GCC_OPTIMIZATION_LEVEL = 0;
				GCC_PREPROCESSOR_DEFINITIONS = (
					"DEBUG=1",
					"$(inherited)",
				);
				GCC_WARN_64_TO_32_BIT_CONVERSION = YES;
				GCC_WARN_ABOUT_RETURN_TYPE = YES_ERROR;
				GCC_WARN_UNDECLARED_SELECTOR = YES;
				GCC_WARN_UNINITIALIZED_AUTOS = YES_AGGRESSIVE;
				GCC_WARN_UNUSED_FUNCTION = YES;
				GCC_WARN_UNUSED_VARIABLE = YES;
				IPHONEOS_DEPLOYMENT_TARGET = 9.0;
				MTL_ENABLE_DEBUG_INFO = YES;
				ONLY_ACTIVE_ARCH = YES;
				SDKROOT = iphoneos;
				TARGETED_DEVICE_FAMILY = "1,2";
			};
			name = Debug;
		};
		65269AA11BBB054C00ED3DF0 /* Release */ = {
			isa = XCBuildConfiguration;
			buildSettings = {
				ALWAYS_SEARCH_USER_PATHS = NO;
				CLANG_CXX_LANGUAGE_STANDARD = "gnu++0x";
				CLANG_CXX_LIBRARY = "libc++";
				CLANG_ENABLE_MODULES = YES;
				CLANG_ENABLE_OBJC_ARC = YES;
				CLANG_WARN_BOOL_CONVERSION = YES;
				CLANG_WARN_CONSTANT_CONVERSION = YES;
				CLANG_WARN_DIRECT_OBJC_ISA_USAGE = YES_ERROR;
				CLANG_WARN_EMPTY_BODY = YES;
				CLANG_WARN_ENUM_CONVERSION = YES;
				CLANG_WARN_INT_CONVERSION = YES;
				CLANG_WARN_OBJC_ROOT_CLASS = YES_ERROR;
				CLANG_WARN_UNREACHABLE_CODE = YES;
				CLANG_WARN__DUPLICATE_METHOD_MATCH = YES;
				"CODE_SIGN_IDENTITY[sdk=iphoneos*]" = "iPhone Developer";
				COPY_PHASE_STRIP = NO;
				DEBUG_INFORMATION_FORMAT = "dwarf-with-dsym";
				ENABLE_NS_ASSERTIONS = NO;
				ENABLE_STRICT_OBJC_MSGSEND = YES;
				GCC_C_LANGUAGE_STANDARD = gnu99;
				GCC_NO_COMMON_BLOCKS = YES;
				GCC_WARN_64_TO_32_BIT_CONVERSION = YES;
				GCC_WARN_ABOUT_RETURN_TYPE = YES_ERROR;
				GCC_WARN_UNDECLARED_SELECTOR = YES;
				GCC_WARN_UNINITIALIZED_AUTOS = YES_AGGRESSIVE;
				GCC_WARN_UNUSED_FUNCTION = YES;
				GCC_WARN_UNUSED_VARIABLE = YES;
				IPHONEOS_DEPLOYMENT_TARGET = 9.0;
				MTL_ENABLE_DEBUG_INFO = NO;
				SDKROOT = iphoneos;
				TARGETED_DEVICE_FAMILY = "1,2";
				VALIDATE_PRODUCT = YES;
			};
			name = Release;
		};
		65269AA31BBB054C00ED3DF0 /* Debug */ = {
			isa = XCBuildConfiguration;
			buildSettings = {
				ASSETCATALOG_COMPILER_APPICON_NAME = AppIcon;
				INFOPLIST_FILE = firstAppFromApple/Info.plist;
				LD_RUNPATH_SEARCH_PATHS = "$(inherited) @executable_path/Frameworks";
				PRODUCT_BUNDLE_IDENTIFIER = com.tryTech.firstAppFromApple;
				PRODUCT_NAME = "$(TARGET_NAME)";
			};
			name = Debug;
		};
		65269AA41BBB054C00ED3DF0 /* Release */ = {
			isa = XCBuildConfiguration;
			buildSettings = {
				ASSETCATALOG_COMPILER_APPICON_NAME = AppIcon;
				INFOPLIST_FILE = firstAppFromApple/Info.plist;
				LD_RUNPATH_SEARCH_PATHS = "$(inherited) @executable_path/Frameworks";
				PRODUCT_BUNDLE_IDENTIFIER = com.tryTech.firstAppFromApple;
				PRODUCT_NAME = "$(TARGET_NAME)";
			};
			name = Release;
		};
		65269AA61BBB054C00ED3DF0 /* Debug */ = {
			isa = XCBuildConfiguration;
			buildSettings = {
				BUNDLE_LOADER = "$(TEST_HOST)";
				INFOPLIST_FILE = firstAppFromAppleTests/Info.plist;
				LD_RUNPATH_SEARCH_PATHS = "$(inherited) @executable_path/Frameworks @loader_path/Frameworks";
				PRODUCT_BUNDLE_IDENTIFIER = com.tryTech.firstAppFromAppleTests;
				PRODUCT_NAME = "$(TARGET_NAME)";
				TEST_HOST = "$(BUILT_PRODUCTS_DIR)/firstAppFromApple.app/firstAppFromApple";
			};
			name = Debug;
		};
		65269AA71BBB054C00ED3DF0 /* Release */ = {
			isa = XCBuildConfiguration;
			buildSettings = {
				BUNDLE_LOADER = "$(TEST_HOST)";
				INFOPLIST_FILE = firstAppFromAppleTests/Info.plist;
				LD_RUNPATH_SEARCH_PATHS = "$(inherited) @executable_path/Frameworks @loader_path/Frameworks";
				PRODUCT_BUNDLE_IDENTIFIER = com.tryTech.firstAppFromAppleTests;
				PRODUCT_NAME = "$(TARGET_NAME)";
				TEST_HOST = "$(BUILT_PRODUCTS_DIR)/firstAppFromApple.app/firstAppFromApple";
			};
			name = Release;
		};
		65269AA91BBB054C00ED3DF0 /* Debug */ = {
			isa = XCBuildConfiguration;
			buildSettings = {
				INFOPLIST_FILE = firstAppFromAppleUITests/Info.plist;
				LD_RUNPATH_SEARCH_PATHS = "$(inherited) @executable_path/Frameworks @loader_path/Frameworks";
				PRODUCT_BUNDLE_IDENTIFIER = com.tryTech.firstAppFromAppleUITests;
				PRODUCT_NAME = "$(TARGET_NAME)";
				TEST_TARGET_NAME = firstAppFromApple;
				USES_XCTRUNNER = YES;
			};
			name = Debug;
		};
		65269AAA1BBB054C00ED3DF0 /* Release */ = {
			isa = XCBuildConfiguration;
			buildSettings = {
				INFOPLIST_FILE = firstAppFromAppleUITests/Info.plist;
				LD_RUNPATH_SEARCH_PATHS = "$(inherited) @executable_path/Frameworks @loader_path/Frameworks";
				PRODUCT_BUNDLE_IDENTIFIER = com.tryTech.firstAppFromAppleUITests;
				PRODUCT_NAME = "$(TARGET_NAME)";
				TEST_TARGET_NAME = firstAppFromApple;
				USES_XCTRUNNER = YES;
			};
			name = Release;
		};
/* End XCBuildConfiguration section */

/* Begin XCConfigurationList section */
		65269A701BBB054C00ED3DF0 /* Build configuration list for PBXProject "firstAppFromApple" */ = {
			isa = XCConfigurationList;
			buildConfigurations = (
				65269AA01BBB054C00ED3DF0 /* Debug */,
				65269AA11BBB054C00ED3DF0 /* Release */,
			);
			defaultConfigurationIsVisible = 0;
			defaultConfigurationName = Release;
		};
		65269AA21BBB054C00ED3DF0 /* Build configuration list for PBXNativeTarget "firstAppFromApple" */ = {
			isa = XCConfigurationList;
			buildConfigurations = (
				65269AA31BBB054C00ED3DF0 /* Debug */,
				65269AA41BBB054C00ED3DF0 /* Release */,
			);
			defaultConfigurationIsVisible = 0;
		};
		65269AA51BBB054C00ED3DF0 /* Build configuration list for PBXNativeTarget "firstAppFromAppleTests" */ = {
			isa = XCConfigurationList;
			buildConfigurations = (
				65269AA61BBB054C00ED3DF0 /* Debug */,
				65269AA71BBB054C00ED3DF0 /* Release */,
			);
			defaultConfigurationIsVisible = 0;
		};
		65269AA81BBB054C00ED3DF0 /* Build configuration list for PBXNativeTarget "firstAppFromAppleUITests" */ = {
			isa = XCConfigurationList;
			buildConfigurations = (
				65269AA91BBB054C00ED3DF0 /* Debug */,
				65269AAA1BBB054C00ED3DF0 /* Release */,
			);
			defaultConfigurationIsVisible = 0;
		};
/* End XCConfigurationList section */
	};
	rootObject = 65269A6D1BBB054C00ED3DF0 /* Project object */;
}
